
Microsoft Visual Studio Solution File, Format Version 12.00
# Visual Studio 15
VisualStudioVersion = 15.0.27428.2037
MinimumVisualStudioVersion = 10.0.40219.1
Project("{FAE04EC0-301F-11D3-BF4B-00C04F79EFBC}") = "APTCWEB", "APTCWEB\APTCWEB.csproj", "{C267B47B-6A22-499E-8F43-5A5649122686}"
EndProject
Project("{FAE04EC0-301F-11D3-BF4B-00C04F79EFBC}") = "CTAPI", "CTAPI\CTAPI.csproj", "{1927FEFF-8066-4399-9B0B-FBDDEAEAF89D}"
EndProject
Global
	GlobalSection(SolutionConfigurationPlatforms) = preSolution
		Debug|Any CPU = Debug|Any CPU
		Release|Any CPU = Release|Any CPU
	EndGlobalSection
	GlobalSection(ProjectConfigurationPlatforms) = postSolution
		{C267B47B-6A22-499E-8F43-5A5649122686}.Debug|Any CPU.ActiveCfg = Debug|Any CPU
		{C267B47B-6A22-499E-8F43-5A5649122686}.Debug|Any CPU.Build.0 = Debug|Any CPU
		{C267B47B-6A22-499E-8F43-5A5649122686}.Release|Any CPU.ActiveCfg = Release|Any CPU
		{C267B47B-6A22-499E-8F43-5A5649122686}.Release|Any CPU.Build.0 = Release|Any CPU
		{1927FEFF-8066-4399-9B0B-FBDDEAEAF89D}.Debug|Any CPU.ActiveCfg = Debug|Any CPU
		{1927FEFF-8066-4399-9B0B-FBDDEAEAF89D}.Debug|Any CPU.Build.0 = Debug|Any CPU
		{1927FEFF-8066-4399-9B0B-FBDDEAEAF89D}.Release|Any CPU.ActiveCfg = Release|Any CPU
		{1927FEFF-8066-4399-9B0B-FBDDEAEAF89D}.Release|Any CPU.Build.0 = Release|Any CPU
	EndGlobalSection
	GlobalSection(SolutionProperties) = preSolution
		HideSolutionNode = FALSE
	EndGlobalSection
	GlobalSection(ExtensibilityGlobals) = postSolution
		SolutionGuid = {AC352773-D726-4A0B-B8CA-0A916745A7F1}
	EndGlobalSection
	GlobalSection(TeamFoundationVersionControl) = preSolution
		SccNumberOfProjects = 3
		SccEnterpriseProvider = {4CA58AB2-18FA-4F8D-95D4-32DDF27D184C}
		SccTeamFoundationServer = http://103.69.38.2:4040/tfs/ajmango
		SccLocalPath0 = .
		SccProjectUniqueName1 = APTCWEB\\APTCWEB.csproj
		SccProjectName1 = APTCWEB
		SccLocalPath1 = APTCWEB
		SccProjectUniqueName2 = CTAPI\\CTAPI.csproj
		SccProjectName2 = CTAPI
		SccLocalPath2 = CTAPI
	EndGlobalSection
EndGlobal
